
Microsoft Visual Studio Solution File, Format Version 12.00
# Visual Studio Version 16
VisualStudioVersion = 16.0.30907.101
MinimumVisualStudioVersion = 10.0.40219.1
Project("{FAE04EC0-301F-11D3-BF4B-00C04F79EFBC}") = "SD.CacheManager.NET4", "src\SD.CacheManager.NET4\SD.CacheManager.NET4.csproj", "{9F9D95B0-7E4C-4138-9468-C881720B5572}"
EndProject
Project("{FAE04EC0-301F-11D3-BF4B-00C04F79EFBC}") = "SD.CacheManager.NET4.Tests", "src\SD.CacheManager.NET4.Tests\SD.CacheManager.NET4.Tests.csproj", "{421786C0-1720-4636-A23D-6FEC573BAD53}"
EndProject
Project("{FAE04EC0-301F-11D3-BF4B-00C04F79EFBC}") = "SD.CacheManager.Memcached.NET4", "src\SD.CacheManager.Memcached.NET4\SD.CacheManager.Memcached.NET4.csproj", "{1CF78EEF-DD6D-415F-ACD3-184BC138D086}"
EndProject
Project("{FAE04EC0-301F-11D3-BF4B-00C04F79EFBC}") = "SD.CacheManager.Memcached.Tests", "src\SD.CacheManager.Memcached.Tests\SD.CacheManager.Memcached.Tests.csproj", "{DD1FA34D-5CF9-4C0D-B307-09071FEBEA21}"
EndProject
Project("{FAE04EC0-301F-11D3-BF4B-00C04F79EFBC}") = "SD.CacheManager.AOP.Tests", "src\SD.CacheManager.AOP.Tests\SD.CacheManager.AOP.Tests.csproj", "{0D5B32E0-EF91-49A1-9AFE-CDB53ADBB19E}"
EndProject
Project("{2150E333-8FDC-42A3-9474-1A3956D46DE8}") = "01 - Core", "01 - Core", "{D5633200-486B-44C2-B205-F48AF475B3BF}"
EndProject
Project("{2150E333-8FDC-42A3-9474-1A3956D46DE8}") = "03 - AOP", "03 - AOP", "{4674C0E5-9685-492E-A680-5E5776C98EE1}"
EndProject
Project("{9A19103F-16F7-4668-BE54-9A1E7A4F7556}") = "SD.CacheManager", "src\SD.CacheManager\SD.CacheManager.csproj", "{7D65692A-C9FC-480A-95A6-51255DB9A40A}"
EndProject
Project("{9A19103F-16F7-4668-BE54-9A1E7A4F7556}") = "SD.CacheManager.MemoryCache", "src\SD.CacheManager.MemoryCache\SD.CacheManager.MemoryCache.csproj", "{E2A49BFE-E4D1-486E-9474-91CB392BB8A9}"
EndProject
Project("{2150E333-8FDC-42A3-9474-1A3956D46DE8}") = "02 - Providers", "02 - Providers", "{46120876-48B4-4059-AB94-78C94F9F8BD2}"
EndProject
Project("{9A19103F-16F7-4668-BE54-9A1E7A4F7556}") = "SD.CacheManager.Redis", "src\SD.CacheManager.Redis\SD.CacheManager.Redis.csproj", "{6640523C-1490-4F06-B05F-1FF6979ADA1A}"
EndProject
Project("{2150E333-8FDC-42A3-9474-1A3956D46DE8}") = "04 - Tests", "04 - Tests", "{976EF67B-143E-4E19-A4ED-509510B5C4A3}"
EndProject
Project("{FAE04EC0-301F-11D3-BF4B-00C04F79EFBC}") = "SD.CacheManager.MemoryCache.Tests", "src\SD.CacheManager.MemoryCache.Tests\SD.CacheManager.MemoryCache.Tests.csproj", "{02BE992C-BC52-4A71-BE7B-8D2A1A2617A2}"
EndProject
Project("{FAE04EC0-301F-11D3-BF4B-00C04F79EFBC}") = "SD.CacheManager.Redis.Tests", "src\SD.CacheManager.Redis.Tests\SD.CacheManager.Redis.Tests.csproj", "{47E52568-2D4A-40F5-AECE-753AAF76ABE8}"
EndProject
Project("{9A19103F-16F7-4668-BE54-9A1E7A4F7556}") = "SD.CacheManager.AOP", "src\SD.CacheManager.AOP\SD.CacheManager.AOP.csproj", "{AA32F850-8FF5-44FA-8737-C58C5E825810}"
EndProject
Project("{FAE04EC0-301F-11D3-BF4B-00C04F79EFBC}") = "SD.CacheManager.Redis.NET461", "src\SD.CacheManager.Redis.NET461\SD.CacheManager.Redis.NET461.csproj", "{0D893331-A18F-4421-B80D-4011577A261E}"
EndProject
Project("{FAE04EC0-301F-11D3-BF4B-00C04F79EFBC}") = "SD.CacheManager.Redis.NET45", "src\SD.CacheManager.Redis.NET45\SD.CacheManager.Redis.NET45.csproj", "{09E5E0A4-7CA3-4A44-A85C-06A696583506}"
EndProject
Project("{9A19103F-16F7-4668-BE54-9A1E7A4F7556}") = "SD.CacheManager.Memcached", "src\SD.CacheManager.Memcached\SD.CacheManager.Memcached.csproj", "{DD1800FF-7122-4235-A48B-7AB6A5389F72}"
EndProject
Project("{FAE04EC0-301F-11D3-BF4B-00C04F79EFBC}") = "SD.CacheManager.AOP.NET45", "src\SD.CacheManager.AOP.NET45\SD.CacheManager.AOP.NET45.csproj", "{EF5CF992-0567-4FB7-AEE6-AD1360FDA102}"
EndProject
Global
	GlobalSection(SolutionConfigurationPlatforms) = preSolution
		Debug|Any CPU = Debug|Any CPU
		Release|Any CPU = Release|Any CPU
	EndGlobalSection
	GlobalSection(ProjectConfigurationPlatforms) = postSolution
		{9F9D95B0-7E4C-4138-9468-C881720B5572}.Debug|Any CPU.ActiveCfg = Debug|Any CPU
		{9F9D95B0-7E4C-4138-9468-C881720B5572}.Debug|Any CPU.Build.0 = Debug|Any CPU
		{9F9D95B0-7E4C-4138-9468-C881720B5572}.Release|Any CPU.ActiveCfg = Release|Any CPU
		{9F9D95B0-7E4C-4138-9468-C881720B5572}.Release|Any CPU.Build.0 = Release|Any CPU
		{421786C0-1720-4636-A23D-6FEC573BAD53}.Debug|Any CPU.ActiveCfg = Debug|Any CPU
		{421786C0-1720-4636-A23D-6FEC573BAD53}.Debug|Any CPU.Build.0 = Debug|Any CPU
		{421786C0-1720-4636-A23D-6FEC573BAD53}.Release|Any CPU.ActiveCfg = Release|Any CPU
		{421786C0-1720-4636-A23D-6FEC573BAD53}.Release|Any CPU.Build.0 = Release|Any CPU
		{1CF78EEF-DD6D-415F-ACD3-184BC138D086}.Debug|Any CPU.ActiveCfg = Debug|Any CPU
		{1CF78EEF-DD6D-415F-ACD3-184BC138D086}.Debug|Any CPU.Build.0 = Debug|Any CPU
		{1CF78EEF-DD6D-415F-ACD3-184BC138D086}.Release|Any CPU.ActiveCfg = Release|Any CPU
		{1CF78EEF-DD6D-415F-ACD3-184BC138D086}.Release|Any CPU.Build.0 = Release|Any CPU
		{DD1FA34D-5CF9-4C0D-B307-09071FEBEA21}.Debug|Any CPU.ActiveCfg = Debug|Any CPU
		{DD1FA34D-5CF9-4C0D-B307-09071FEBEA21}.Debug|Any CPU.Build.0 = Debug|Any CPU
		{DD1FA34D-5CF9-4C0D-B307-09071FEBEA21}.Release|Any CPU.ActiveCfg = Release|Any CPU
		{DD1FA34D-5CF9-4C0D-B307-09071FEBEA21}.Release|Any CPU.Build.0 = Release|Any CPU
		{0D5B32E0-EF91-49A1-9AFE-CDB53ADBB19E}.Debug|Any CPU.ActiveCfg = Debug|Any CPU
		{0D5B32E0-EF91-49A1-9AFE-CDB53ADBB19E}.Debug|Any CPU.Build.0 = Debug|Any CPU
		{0D5B32E0-EF91-49A1-9AFE-CDB53ADBB19E}.Release|Any CPU.ActiveCfg = Release|Any CPU
		{0D5B32E0-EF91-49A1-9AFE-CDB53ADBB19E}.Release|Any CPU.Build.0 = Release|Any CPU
		{7D65692A-C9FC-480A-95A6-51255DB9A40A}.Debug|Any CPU.ActiveCfg = Debug|Any CPU
		{7D65692A-C9FC-480A-95A6-51255DB9A40A}.Debug|Any CPU.Build.0 = Debug|Any CPU
		{7D65692A-C9FC-480A-95A6-51255DB9A40A}.Release|Any CPU.ActiveCfg = Release|Any CPU
		{7D65692A-C9FC-480A-95A6-51255DB9A40A}.Release|Any CPU.Build.0 = Release|Any CPU
		{E2A49BFE-E4D1-486E-9474-91CB392BB8A9}.Debug|Any CPU.ActiveCfg = Debug|Any CPU
		{E2A49BFE-E4D1-486E-9474-91CB392BB8A9}.Debug|Any CPU.Build.0 = Debug|Any CPU
		{E2A49BFE-E4D1-486E-9474-91CB392BB8A9}.Release|Any CPU.ActiveCfg = Release|Any CPU
		{E2A49BFE-E4D1-486E-9474-91CB392BB8A9}.Release|Any CPU.Build.0 = Release|Any CPU
		{6640523C-1490-4F06-B05F-1FF6979ADA1A}.Debug|Any CPU.ActiveCfg = Debug|Any CPU
		{6640523C-1490-4F06-B05F-1FF6979ADA1A}.Debug|Any CPU.Build.0 = Debug|Any CPU
		{6640523C-1490-4F06-B05F-1FF6979ADA1A}.Release|Any CPU.ActiveCfg = Release|Any CPU
		{6640523C-1490-4F06-B05F-1FF6979ADA1A}.Release|Any CPU.Build.0 = Release|Any CPU
		{02BE992C-BC52-4A71-BE7B-8D2A1A2617A2}.Debug|Any CPU.ActiveCfg = Debug|Any CPU
		{02BE992C-BC52-4A71-BE7B-8D2A1A2617A2}.Debug|Any CPU.Build.0 = Debug|Any CPU
		{02BE992C-BC52-4A71-BE7B-8D2A1A2617A2}.Release|Any CPU.ActiveCfg = Release|Any CPU
		{02BE992C-BC52-4A71-BE7B-8D2A1A2617A2}.Release|Any CPU.Build.0 = Release|Any CPU
		{47E52568-2D4A-40F5-AECE-753AAF76ABE8}.Debug|Any CPU.ActiveCfg = Debug|Any CPU
		{47E52568-2D4A-40F5-AECE-753AAF76ABE8}.Debug|Any CPU.Build.0 = Debug|Any CPU
		{47E52568-2D4A-40F5-AECE-753AAF76ABE8}.Release|Any CPU.ActiveCfg = Release|Any CPU
		{47E52568-2D4A-40F5-AECE-753AAF76ABE8}.Release|Any CPU.Build.0 = Release|Any CPU
		{AA32F850-8FF5-44FA-8737-C58C5E825810}.Debug|Any CPU.ActiveCfg = Debug|Any CPU
		{AA32F850-8FF5-44FA-8737-C58C5E825810}.Debug|Any CPU.Build.0 = Debug|Any CPU
		{AA32F850-8FF5-44FA-8737-C58C5E825810}.Release|Any CPU.ActiveCfg = Release|Any CPU
		{AA32F850-8FF5-44FA-8737-C58C5E825810}.Release|Any CPU.Build.0 = Release|Any CPU
		{0D893331-A18F-4421-B80D-4011577A261E}.Debug|Any CPU.ActiveCfg = Debug|Any CPU
		{0D893331-A18F-4421-B80D-4011577A261E}.Debug|Any CPU.Build.0 = Debug|Any CPU
		{0D893331-A18F-4421-B80D-4011577A261E}.Release|Any CPU.ActiveCfg = Release|Any CPU
		{0D893331-A18F-4421-B80D-4011577A261E}.Release|Any CPU.Build.0 = Release|Any CPU
		{09E5E0A4-7CA3-4A44-A85C-06A696583506}.Debug|Any CPU.ActiveCfg = Debug|Any CPU
		{09E5E0A4-7CA3-4A44-A85C-06A696583506}.Debug|Any CPU.Build.0 = Debug|Any CPU
		{09E5E0A4-7CA3-4A44-A85C-06A696583506}.Release|Any CPU.ActiveCfg = Release|Any CPU
		{09E5E0A4-7CA3-4A44-A85C-06A696583506}.Release|Any CPU.Build.0 = Release|Any CPU
		{DD1800FF-7122-4235-A48B-7AB6A5389F72}.Debug|Any CPU.ActiveCfg = Debug|Any CPU
		{DD1800FF-7122-4235-A48B-7AB6A5389F72}.Debug|Any CPU.Build.0 = Debug|Any CPU
		{DD1800FF-7122-4235-A48B-7AB6A5389F72}.Release|Any CPU.ActiveCfg = Release|Any CPU
		{DD1800FF-7122-4235-A48B-7AB6A5389F72}.Release|Any CPU.Build.0 = Release|Any CPU
		{EF5CF992-0567-4FB7-AEE6-AD1360FDA102}.Debug|Any CPU.ActiveCfg = Debug|Any CPU
		{EF5CF992-0567-4FB7-AEE6-AD1360FDA102}.Debug|Any CPU.Build.0 = Debug|Any CPU
		{EF5CF992-0567-4FB7-AEE6-AD1360FDA102}.Release|Any CPU.ActiveCfg = Release|Any CPU
		{EF5CF992-0567-4FB7-AEE6-AD1360FDA102}.Release|Any CPU.Build.0 = Release|Any CPU
	EndGlobalSection
	GlobalSection(SolutionProperties) = preSolution
		HideSolutionNode = FALSE
	EndGlobalSection
	GlobalSection(NestedProjects) = preSolution
		{9F9D95B0-7E4C-4138-9468-C881720B5572} = {D5633200-486B-44C2-B205-F48AF475B3BF}
		{421786C0-1720-4636-A23D-6FEC573BAD53} = {976EF67B-143E-4E19-A4ED-509510B5C4A3}
		{1CF78EEF-DD6D-415F-ACD3-184BC138D086} = {46120876-48B4-4059-AB94-78C94F9F8BD2}
		{DD1FA34D-5CF9-4C0D-B307-09071FEBEA21} = {976EF67B-143E-4E19-A4ED-509510B5C4A3}
		{0D5B32E0-EF91-49A1-9AFE-CDB53ADBB19E} = {976EF67B-143E-4E19-A4ED-509510B5C4A3}
		{7D65692A-C9FC-480A-95A6-51255DB9A40A} = {D5633200-486B-44C2-B205-F48AF475B3BF}
		{E2A49BFE-E4D1-486E-9474-91CB392BB8A9} = {46120876-48B4-4059-AB94-78C94F9F8BD2}
		{6640523C-1490-4F06-B05F-1FF6979ADA1A} = {46120876-48B4-4059-AB94-78C94F9F8BD2}
		{02BE992C-BC52-4A71-BE7B-8D2A1A2617A2} = {976EF67B-143E-4E19-A4ED-509510B5C4A3}
		{47E52568-2D4A-40F5-AECE-753AAF76ABE8} = {976EF67B-143E-4E19-A4ED-509510B5C4A3}
		{AA32F850-8FF5-44FA-8737-C58C5E825810} = {4674C0E5-9685-492E-A680-5E5776C98EE1}
		{0D893331-A18F-4421-B80D-4011577A261E} = {46120876-48B4-4059-AB94-78C94F9F8BD2}
		{09E5E0A4-7CA3-4A44-A85C-06A696583506} = {46120876-48B4-4059-AB94-78C94F9F8BD2}
		{DD1800FF-7122-4235-A48B-7AB6A5389F72} = {46120876-48B4-4059-AB94-78C94F9F8BD2}
		{EF5CF992-0567-4FB7-AEE6-AD1360FDA102} = {4674C0E5-9685-492E-A680-5E5776C98EE1}
	EndGlobalSection
	GlobalSection(ExtensibilityGlobals) = postSolution
		SolutionGuid = {C22B7A10-4E3E-4B91-B967-2C47B19EBE2A}
	EndGlobalSection
EndGlobal
