
Microsoft Visual Studio Solution File, Format Version 12.00
# Visual Studio 15
VisualStudioVersion = 15.0.27428.2037
MinimumVisualStudioVersion = 10.0.40219.1
Project("{FAE04EC0-301F-11D3-BF4B-00C04F79EFBC}") = "SD.CacheManager.NET4", "src\SD.CacheManager.NET4\SD.CacheManager.NET4.csproj", "{9F9D95B0-7E4C-4138-9468-C881720B5572}"
EndProject
Project("{FAE04EC0-301F-11D3-BF4B-00C04F79EFBC}") = "SD.CacheManager.NET4.Tests", "tests\SD.CacheManager.NET4.Tests\SD.CacheManager.NET4.Tests.csproj", "{421786C0-1720-4636-A23D-6FEC573BAD53}"
EndProject
Project("{2150E333-8FDC-42A3-9474-1A3956D46DE8}") = ".nuget", ".nuget", "{1352D744-9AAD-4FE1-AB4D-2DAB70BCE13E}"
	ProjectSection(SolutionItems) = preProject
		.nuget\NuGet.Config = .nuget\NuGet.Config
		.nuget\NuGet.exe = .nuget\NuGet.exe
		.nuget\NuGet.targets = .nuget\NuGet.targets
	EndProjectSection
EndProject
Project("{FAE04EC0-301F-11D3-BF4B-00C04F79EFBC}") = "SD.CacheManager.Redis.ServiceStack", "src\SD.CacheManager.Redis.ServiceStack\SD.CacheManager.Redis.ServiceStack.csproj", "{9D3130AD-05D6-40F1-8B40-F516FE52AF42}"
EndProject
Project("{FAE04EC0-301F-11D3-BF4B-00C04F79EFBC}") = "SD.CacheManager.Memcached", "src\SD.CacheManager.Memcached\SD.CacheManager.Memcached.csproj", "{1CF78EEF-DD6D-415F-ACD3-184BC138D086}"
EndProject
Project("{FAE04EC0-301F-11D3-BF4B-00C04F79EFBC}") = "SD.CacheManager.Redis.ServiceStack.Tests", "tests\SD.CacheManager.Redis.ServiceStack.Tests\SD.CacheManager.Redis.ServiceStack.Tests.csproj", "{5B862966-6412-4583-BB4B-3781BABC63BC}"
EndProject
Project("{FAE04EC0-301F-11D3-BF4B-00C04F79EFBC}") = "SD.CacheManager.Memcached.Tests", "tests\SD.CacheManager.Memcached.Tests\SD.CacheManager.Memcached.Tests.csproj", "{DD1FA34D-5CF9-4C0D-B307-09071FEBEA21}"
EndProject
Project("{FAE04EC0-301F-11D3-BF4B-00C04F79EFBC}") = "SD.CacheManager.AOP", "src\SD.CacheManager.AOP\SD.CacheManager.AOP.csproj", "{CA18CE26-D391-4F2D-A149-1C62F189DD18}"
EndProject
Project("{FAE04EC0-301F-11D3-BF4B-00C04F79EFBC}") = "SD.CacheManager.AOP.Tests", "tests\SD.CacheManager.AOP.Tests\SD.CacheManager.AOP.Tests.csproj", "{0D5B32E0-EF91-49A1-9AFE-CDB53ADBB19E}"
EndProject
Project("{2150E333-8FDC-42A3-9474-1A3956D46DE8}") = "01 - NET 4", "01 - NET 4", "{D5633200-486B-44C2-B205-F48AF475B3BF}"
EndProject
Project("{2150E333-8FDC-42A3-9474-1A3956D46DE8}") = "03 -NET 4 Tests", "03 -NET 4 Tests", "{4674C0E5-9685-492E-A680-5E5776C98EE1}"
EndProject
Project("{9A19103F-16F7-4668-BE54-9A1E7A4F7556}") = "SD.CacheManager", "src\SD.CacheManager\SD.CacheManager.csproj", "{7D65692A-C9FC-480A-95A6-51255DB9A40A}"
EndProject
Project("{9A19103F-16F7-4668-BE54-9A1E7A4F7556}") = "SD.CacheManager.MemoryCache", "src\SD.CacheManager.MemoryCache\SD.CacheManager.MemoryCache.csproj", "{E2A49BFE-E4D1-486E-9474-91CB392BB8A9}"
EndProject
Project("{2150E333-8FDC-42A3-9474-1A3956D46DE8}") = "02 - NET Standard", "02 - NET Standard", "{46120876-48B4-4059-AB94-78C94F9F8BD2}"
EndProject
Project("{FAE04EC0-301F-11D3-BF4B-00C04F79EFBC}") = "SD.CacheManager.Redis.StackExchange", "src\SD.CacheManager.Redis.StackExchange\SD.CacheManager.Redis.StackExchange.csproj", "{6640523C-1490-4F06-B05F-1FF6979ADA1A}"
EndProject
Project("{2150E333-8FDC-42A3-9474-1A3956D46DE8}") = "04 - NET Standard Tests", "04 - NET Standard Tests", "{976EF67B-143E-4E19-A4ED-509510B5C4A3}"
EndProject
Project("{FAE04EC0-301F-11D3-BF4B-00C04F79EFBC}") = "SD.CacheManager.MemoryCache.Tests", "tests\SD.CacheManager.MemoryCache.Tests\SD.CacheManager.MemoryCache.Tests.csproj", "{02BE992C-BC52-4A71-BE7B-8D2A1A2617A2}"
EndProject
Project("{FAE04EC0-301F-11D3-BF4B-00C04F79EFBC}") = "SD.CacheManager.Redis.StackExchange.Tests", "tests\SD.CacheManager.Redis.StackExchange.Tests\SD.CacheManager.Redis.StackExchange.Tests.csproj", "{47E52568-2D4A-40F5-AECE-753AAF76ABE8}"
EndProject
Global
	GlobalSection(SolutionConfigurationPlatforms) = preSolution
		Debug|Any CPU = Debug|Any CPU
		Release|Any CPU = Release|Any CPU
	EndGlobalSection
	GlobalSection(ProjectConfigurationPlatforms) = postSolution
		{9F9D95B0-7E4C-4138-9468-C881720B5572}.Debug|Any CPU.ActiveCfg = Debug|Any CPU
		{9F9D95B0-7E4C-4138-9468-C881720B5572}.Debug|Any CPU.Build.0 = Debug|Any CPU
		{9F9D95B0-7E4C-4138-9468-C881720B5572}.Release|Any CPU.ActiveCfg = Release|Any CPU
		{9F9D95B0-7E4C-4138-9468-C881720B5572}.Release|Any CPU.Build.0 = Release|Any CPU
		{421786C0-1720-4636-A23D-6FEC573BAD53}.Debug|Any CPU.ActiveCfg = Debug|Any CPU
		{421786C0-1720-4636-A23D-6FEC573BAD53}.Debug|Any CPU.Build.0 = Debug|Any CPU
		{421786C0-1720-4636-A23D-6FEC573BAD53}.Release|Any CPU.ActiveCfg = Release|Any CPU
		{421786C0-1720-4636-A23D-6FEC573BAD53}.Release|Any CPU.Build.0 = Release|Any CPU
		{9D3130AD-05D6-40F1-8B40-F516FE52AF42}.Debug|Any CPU.ActiveCfg = Debug|Any CPU
		{9D3130AD-05D6-40F1-8B40-F516FE52AF42}.Debug|Any CPU.Build.0 = Debug|Any CPU
		{9D3130AD-05D6-40F1-8B40-F516FE52AF42}.Release|Any CPU.ActiveCfg = Release|Any CPU
		{9D3130AD-05D6-40F1-8B40-F516FE52AF42}.Release|Any CPU.Build.0 = Release|Any CPU
		{1CF78EEF-DD6D-415F-ACD3-184BC138D086}.Debug|Any CPU.ActiveCfg = Debug|Any CPU
		{1CF78EEF-DD6D-415F-ACD3-184BC138D086}.Debug|Any CPU.Build.0 = Debug|Any CPU
		{1CF78EEF-DD6D-415F-ACD3-184BC138D086}.Release|Any CPU.ActiveCfg = Release|Any CPU
		{1CF78EEF-DD6D-415F-ACD3-184BC138D086}.Release|Any CPU.Build.0 = Release|Any CPU
		{5B862966-6412-4583-BB4B-3781BABC63BC}.Debug|Any CPU.ActiveCfg = Debug|Any CPU
		{5B862966-6412-4583-BB4B-3781BABC63BC}.Debug|Any CPU.Build.0 = Debug|Any CPU
		{5B862966-6412-4583-BB4B-3781BABC63BC}.Release|Any CPU.ActiveCfg = Release|Any CPU
		{5B862966-6412-4583-BB4B-3781BABC63BC}.Release|Any CPU.Build.0 = Release|Any CPU
		{DD1FA34D-5CF9-4C0D-B307-09071FEBEA21}.Debug|Any CPU.ActiveCfg = Debug|Any CPU
		{DD1FA34D-5CF9-4C0D-B307-09071FEBEA21}.Debug|Any CPU.Build.0 = Debug|Any CPU
		{DD1FA34D-5CF9-4C0D-B307-09071FEBEA21}.Release|Any CPU.ActiveCfg = Release|Any CPU
		{DD1FA34D-5CF9-4C0D-B307-09071FEBEA21}.Release|Any CPU.Build.0 = Release|Any CPU
		{CA18CE26-D391-4F2D-A149-1C62F189DD18}.Debug|Any CPU.ActiveCfg = Debug|Any CPU
		{CA18CE26-D391-4F2D-A149-1C62F189DD18}.Debug|Any CPU.Build.0 = Debug|Any CPU
		{CA18CE26-D391-4F2D-A149-1C62F189DD18}.Release|Any CPU.ActiveCfg = Release|Any CPU
		{CA18CE26-D391-4F2D-A149-1C62F189DD18}.Release|Any CPU.Build.0 = Release|Any CPU
		{0D5B32E0-EF91-49A1-9AFE-CDB53ADBB19E}.Debug|Any CPU.ActiveCfg = Debug|Any CPU
		{0D5B32E0-EF91-49A1-9AFE-CDB53ADBB19E}.Debug|Any CPU.Build.0 = Debug|Any CPU
		{0D5B32E0-EF91-49A1-9AFE-CDB53ADBB19E}.Release|Any CPU.ActiveCfg = Release|Any CPU
		{0D5B32E0-EF91-49A1-9AFE-CDB53ADBB19E}.Release|Any CPU.Build.0 = Release|Any CPU
		{7D65692A-C9FC-480A-95A6-51255DB9A40A}.Debug|Any CPU.ActiveCfg = Debug|Any CPU
		{7D65692A-C9FC-480A-95A6-51255DB9A40A}.Debug|Any CPU.Build.0 = Debug|Any CPU
		{7D65692A-C9FC-480A-95A6-51255DB9A40A}.Release|Any CPU.ActiveCfg = Release|Any CPU
		{7D65692A-C9FC-480A-95A6-51255DB9A40A}.Release|Any CPU.Build.0 = Release|Any CPU
		{E2A49BFE-E4D1-486E-9474-91CB392BB8A9}.Debug|Any CPU.ActiveCfg = Debug|Any CPU
		{E2A49BFE-E4D1-486E-9474-91CB392BB8A9}.Debug|Any CPU.Build.0 = Debug|Any CPU
		{E2A49BFE-E4D1-486E-9474-91CB392BB8A9}.Release|Any CPU.ActiveCfg = Release|Any CPU
		{E2A49BFE-E4D1-486E-9474-91CB392BB8A9}.Release|Any CPU.Build.0 = Release|Any CPU
		{6640523C-1490-4F06-B05F-1FF6979ADA1A}.Debug|Any CPU.ActiveCfg = Debug|Any CPU
		{6640523C-1490-4F06-B05F-1FF6979ADA1A}.Debug|Any CPU.Build.0 = Debug|Any CPU
		{6640523C-1490-4F06-B05F-1FF6979ADA1A}.Release|Any CPU.ActiveCfg = Release|Any CPU
		{6640523C-1490-4F06-B05F-1FF6979ADA1A}.Release|Any CPU.Build.0 = Release|Any CPU
		{02BE992C-BC52-4A71-BE7B-8D2A1A2617A2}.Debug|Any CPU.ActiveCfg = Debug|Any CPU
		{02BE992C-BC52-4A71-BE7B-8D2A1A2617A2}.Debug|Any CPU.Build.0 = Debug|Any CPU
		{02BE992C-BC52-4A71-BE7B-8D2A1A2617A2}.Release|Any CPU.ActiveCfg = Release|Any CPU
		{02BE992C-BC52-4A71-BE7B-8D2A1A2617A2}.Release|Any CPU.Build.0 = Release|Any CPU
		{47E52568-2D4A-40F5-AECE-753AAF76ABE8}.Debug|Any CPU.ActiveCfg = Debug|Any CPU
		{47E52568-2D4A-40F5-AECE-753AAF76ABE8}.Debug|Any CPU.Build.0 = Debug|Any CPU
		{47E52568-2D4A-40F5-AECE-753AAF76ABE8}.Release|Any CPU.ActiveCfg = Release|Any CPU
		{47E52568-2D4A-40F5-AECE-753AAF76ABE8}.Release|Any CPU.Build.0 = Release|Any CPU
	EndGlobalSection
	GlobalSection(SolutionProperties) = preSolution
		HideSolutionNode = FALSE
	EndGlobalSection
	GlobalSection(NestedProjects) = preSolution
		{9F9D95B0-7E4C-4138-9468-C881720B5572} = {D5633200-486B-44C2-B205-F48AF475B3BF}
		{421786C0-1720-4636-A23D-6FEC573BAD53} = {4674C0E5-9685-492E-A680-5E5776C98EE1}
		{9D3130AD-05D6-40F1-8B40-F516FE52AF42} = {D5633200-486B-44C2-B205-F48AF475B3BF}
		{1CF78EEF-DD6D-415F-ACD3-184BC138D086} = {D5633200-486B-44C2-B205-F48AF475B3BF}
		{5B862966-6412-4583-BB4B-3781BABC63BC} = {4674C0E5-9685-492E-A680-5E5776C98EE1}
		{DD1FA34D-5CF9-4C0D-B307-09071FEBEA21} = {4674C0E5-9685-492E-A680-5E5776C98EE1}
		{CA18CE26-D391-4F2D-A149-1C62F189DD18} = {D5633200-486B-44C2-B205-F48AF475B3BF}
		{0D5B32E0-EF91-49A1-9AFE-CDB53ADBB19E} = {4674C0E5-9685-492E-A680-5E5776C98EE1}
		{7D65692A-C9FC-480A-95A6-51255DB9A40A} = {46120876-48B4-4059-AB94-78C94F9F8BD2}
		{E2A49BFE-E4D1-486E-9474-91CB392BB8A9} = {46120876-48B4-4059-AB94-78C94F9F8BD2}
		{6640523C-1490-4F06-B05F-1FF6979ADA1A} = {46120876-48B4-4059-AB94-78C94F9F8BD2}
		{02BE992C-BC52-4A71-BE7B-8D2A1A2617A2} = {976EF67B-143E-4E19-A4ED-509510B5C4A3}
		{47E52568-2D4A-40F5-AECE-753AAF76ABE8} = {976EF67B-143E-4E19-A4ED-509510B5C4A3}
	EndGlobalSection
	GlobalSection(ExtensibilityGlobals) = postSolution
		SolutionGuid = {C22B7A10-4E3E-4B91-B967-2C47B19EBE2A}
	EndGlobalSection
EndGlobal
